
Microsoft Visual Studio Solution File, Format Version 12.00
# Visual Studio 15
Project("{FAE04EC0-301F-11D3-BF4B-00C04F79EFBC}") = "Assembly-CSharp-firstpass", "Assembly-CSharp-firstpass.csproj", "{5F39BAB7-1A8D-AB8A-02CA-69ED89668A57}"
EndProject
Project("{FAE04EC0-301F-11D3-BF4B-00C04F79EFBC}") = "Assembly-CSharp", "Assembly-CSharp.csproj", "{4C61FDAA-82C5-CF41-015C-7AF5561D6427}"
EndProject
Project("{FAE04EC0-301F-11D3-BF4B-00C04F79EFBC}") = "Assembly-CSharp-Editor-firstpass", "Assembly-CSharp-Editor-firstpass.csproj", "{1E0317EE-CE70-59A1-9149-F52D5BDCEDA2}"
EndProject
Global
	GlobalSection(SolutionConfigurationPlatforms) = preSolution
		Debug|Any CPU = Debug|Any CPU
		Release|Any CPU = Release|Any CPU
	EndGlobalSection
	GlobalSection(ProjectConfigurationPlatforms) = postSolution
		{5F39BAB7-1A8D-AB8A-02CA-69ED89668A57}.Debug|Any CPU.ActiveCfg = Debug|Any CPU
		{5F39BAB7-1A8D-AB8A-02CA-69ED89668A57}.Debug|Any CPU.Build.0 = Debug|Any CPU
		{5F39BAB7-1A8D-AB8A-02CA-69ED89668A57}.Release|Any CPU.ActiveCfg = Release|Any CPU
		{5F39BAB7-1A8D-AB8A-02CA-69ED89668A57}.Release|Any CPU.Build.0 = Release|Any CPU
		{4C61FDAA-82C5-CF41-015C-7AF5561D6427}.Debug|Any CPU.ActiveCfg = Debug|Any CPU
		{4C61FDAA-82C5-CF41-015C-7AF5561D6427}.Debug|Any CPU.Build.0 = Debug|Any CPU
		{4C61FDAA-82C5-CF41-015C-7AF5561D6427}.Release|Any CPU.ActiveCfg = Release|Any CPU
		{4C61FDAA-82C5-CF41-015C-7AF5561D6427}.Release|Any CPU.Build.0 = Release|Any CPU
		{1E0317EE-CE70-59A1-9149-F52D5BDCEDA2}.Debug|Any CPU.ActiveCfg = Debug|Any CPU
		{1E0317EE-CE70-59A1-9149-F52D5BDCEDA2}.Debug|Any CPU.Build.0 = Debug|Any CPU
		{1E0317EE-CE70-59A1-9149-F52D5BDCEDA2}.Release|Any CPU.ActiveCfg = Release|Any CPU
		{1E0317EE-CE70-59A1-9149-F52D5BDCEDA2}.Release|Any CPU.Build.0 = Release|Any CPU
	EndGlobalSection
	GlobalSection(SolutionProperties) = preSolution
		HideSolutionNode = FALSE
	EndGlobalSection
EndGlobal
